// !$*UTF8*$!
{
	archiveVersion = 1;
	classes = {
	};
	objectVersion = 50;
	objects = {

/* Begin PBXBuildFile section */
		7E4330AC229E7AFE009150E3 /* AppDelegate.swift in Sources */ = {isa = PBXBuildFile; fileRef = 7E4330AB229E7AFE009150E3 /* AppDelegate.swift */; };
		7E4330AE229E7AFE009150E3 /* PropertyVC.swift in Sources */ = {isa = PBXBuildFile; fileRef = 7E4330AD229E7AFE009150E3 /* PropertyVC.swift */; };
		7E4330B1229E7AFE009150E3 /* Main.storyboard in Resources */ = {isa = PBXBuildFile; fileRef = 7E4330AF229E7AFE009150E3 /* Main.storyboard */; };
		7E4330B3229E7AFF009150E3 /* Assets.xcassets in Resources */ = {isa = PBXBuildFile; fileRef = 7E4330B2229E7AFF009150E3 /* Assets.xcassets */; };
		7E4330B6229E7AFF009150E3 /* LaunchScreen.storyboard in Resources */ = {isa = PBXBuildFile; fileRef = 7E4330B4229E7AFF009150E3 /* LaunchScreen.storyboard */; };
		7E4330BF229E834D009150E3 /* PropertyCell.swift in Sources */ = {isa = PBXBuildFile; fileRef = 7E4330BD229E834D009150E3 /* PropertyCell.swift */; };
		7E4330C0229E834D009150E3 /* PropertyCell.xib in Resources */ = {isa = PBXBuildFile; fileRef = 7E4330BE229E834D009150E3 /* PropertyCell.xib */; };
		7E4330C8229ECE0A009150E3 /* FavouritesTableVC.swift in Sources */ = {isa = PBXBuildFile; fileRef = 7E4330C7229ECE0A009150E3 /* FavouritesTableVC.swift */; };
		7E4330F7229EFC63009150E3 /* PropertyHelper.swift in Sources */ = {isa = PBXBuildFile; fileRef = 7E4330F6229EFC63009150E3 /* PropertyHelper.swift */; };
		7E4330FA229F025D009150E3 /* Property.swift in Sources */ = {isa = PBXBuildFile; fileRef = 7E4330F9229F025D009150E3 /* Property.swift */; };
/* End PBXBuildFile section */

/* Begin PBXFileReference section */
		7E4330A8229E7AFE009150E3 /* Property-List.app */ = {isa = PBXFileReference; explicitFileType = wrapper.application; includeInIndex = 0; path = "Property-List.app"; sourceTree = BUILT_PRODUCTS_DIR; };
		7E4330AB229E7AFE009150E3 /* AppDelegate.swift */ = {isa = PBXFileReference; lastKnownFileType = sourcecode.swift; path = AppDelegate.swift; sourceTree = "<group>"; };
		7E4330AD229E7AFE009150E3 /* PropertyVC.swift */ = {isa = PBXFileReference; lastKnownFileType = sourcecode.swift; path = PropertyVC.swift; sourceTree = "<group>"; };
		7E4330B0229E7AFE009150E3 /* Base */ = {isa = PBXFileReference; lastKnownFileType = file.storyboard; name = Base; path = Base.lproj/Main.storyboard; sourceTree = "<group>"; };
		7E4330B2229E7AFF009150E3 /* Assets.xcassets */ = {isa = PBXFileReference; lastKnownFileType = folder.assetcatalog; path = Assets.xcassets; sourceTree = "<group>"; };
		7E4330B5229E7AFF009150E3 /* Base */ = {isa = PBXFileReference; lastKnownFileType = file.storyboard; name = Base; path = Base.lproj/LaunchScreen.storyboard; sourceTree = "<group>"; };
		7E4330B7229E7AFF009150E3 /* Info.plist */ = {isa = PBXFileReference; lastKnownFileType = text.plist.xml; path = Info.plist; sourceTree = "<group>"; };
		7E4330BD229E834D009150E3 /* PropertyCell.swift */ = {isa = PBXFileReference; lastKnownFileType = sourcecode.swift; path = PropertyCell.swift; sourceTree = "<group>"; };
		7E4330BE229E834D009150E3 /* PropertyCell.xib */ = {isa = PBXFileReference; lastKnownFileType = file.xib; path = PropertyCell.xib; sourceTree = "<group>"; };
		7E4330C7229ECE0A009150E3 /* FavouritesTableVC.swift */ = {isa = PBXFileReference; lastKnownFileType = sourcecode.swift; path = FavouritesTableVC.swift; sourceTree = "<group>"; };
		7E4330F6229EFC63009150E3 /* PropertyHelper.swift */ = {isa = PBXFileReference; lastKnownFileType = sourcecode.swift; path = PropertyHelper.swift; sourceTree = "<group>"; };
		7E4330F9229F025D009150E3 /* Property.swift */ = {isa = PBXFileReference; lastKnownFileType = sourcecode.swift; path = Property.swift; sourceTree = "<group>"; };
/* End PBXFileReference section */

/* Begin PBXFrameworksBuildPhase section */
		7E4330A5229E7AFE009150E3 /* Frameworks */ = {
			isa = PBXFrameworksBuildPhase;
			buildActionMask = 2147483647;
			files = (
			);
			runOnlyForDeploymentPostprocessing = 0;
		};
/* End PBXFrameworksBuildPhase section */

/* Begin PBXGroup section */
		7E43309F229E7AFE009150E3 = {
			isa = PBXGroup;
			children = (
				7E4330AA229E7AFE009150E3 /* Property-List */,
				7E4330A9229E7AFE009150E3 /* Products */,
			);
			sourceTree = "<group>";
		};
		7E4330A9229E7AFE009150E3 /* Products */ = {
			isa = PBXGroup;
			children = (
				7E4330A8229E7AFE009150E3 /* Property-List.app */,
			);
			name = Products;
			sourceTree = "<group>";
		};
		7E4330AA229E7AFE009150E3 /* Property-List */ = {
			isa = PBXGroup;
			children = (
				7E4330F5229EFC11009150E3 /* Classes */,
				7E4330F8229F01C2009150E3 /* Model */,
				7E4330F1229EF984009150E3 /* View */,
				7E4330F2229EF9C8009150E3 /* Controller */,
				7E4330F3229EF9EC009150E3 /* Supporting files */,
				7E4330B7229E7AFF009150E3 /* Info.plist */,
			);
			path = "Property-List";
			sourceTree = "<group>";
		};
		7E4330F1229EF984009150E3 /* View */ = {
			isa = PBXGroup;
			children = (
				7E4330F4229EFA26009150E3 /* Cell */,
				7E4330B4229E7AFF009150E3 /* LaunchScreen.storyboard */,
				7E4330AF229E7AFE009150E3 /* Main.storyboard */,
			);
			path = View;
			sourceTree = "<group>";
		};
		7E4330F2229EF9C8009150E3 /* Controller */ = {
			isa = PBXGroup;
			children = (
				7E4330C7229ECE0A009150E3 /* FavouritesTableVC.swift */,
				7E4330AD229E7AFE009150E3 /* PropertyVC.swift */,
			);
			path = Controller;
			sourceTree = "<group>";
		};
		7E4330F3229EF9EC009150E3 /* Supporting files */ = {
			isa = PBXGroup;
			children = (
				7E4330AB229E7AFE009150E3 /* AppDelegate.swift */,
				7E4330B2229E7AFF009150E3 /* Assets.xcassets */,
			);
			path = "Supporting files";
			sourceTree = "<group>";
		};
		7E4330F4229EFA26009150E3 /* Cell */ = {
			isa = PBXGroup;
			children = (
				7E4330BD229E834D009150E3 /* PropertyCell.swift */,
				7E4330BE229E834D009150E3 /* PropertyCell.xib */,
			);
			path = Cell;
			sourceTree = "<group>";
		};
		7E4330F5229EFC11009150E3 /* Classes */ = {
			isa = PBXGroup;
			children = (
				7E4330F6229EFC63009150E3 /* PropertyHelper.swift */,
			);
			path = Classes;
			sourceTree = "<group>";
		};
		7E4330F8229F01C2009150E3 /* Model */ = {
			isa = PBXGroup;
			children = (
				7E4330F9229F025D009150E3 /* Property.swift */,
			);
			path = Model;
			sourceTree = "<group>";
		};
/* End PBXGroup section */

/* Begin PBXNativeTarget section */
		7E4330A7229E7AFE009150E3 /* Property-List */ = {
			isa = PBXNativeTarget;
			buildConfigurationList = 7E4330BA229E7AFF009150E3 /* Build configuration list for PBXNativeTarget "Property-List" */;
			buildPhases = (
				7E4330A4229E7AFE009150E3 /* Sources */,
				7E4330A5229E7AFE009150E3 /* Frameworks */,
				7E4330A6229E7AFE009150E3 /* Resources */,
			);
			buildRules = (
			);
			dependencies = (
			);
			name = "Property-List";
			productName = "Property-List";
			productReference = 7E4330A8229E7AFE009150E3 /* Property-List.app */;
			productType = "com.apple.product-type.application";
		};
/* End PBXNativeTarget section */

/* Begin PBXProject section */
		7E4330A0229E7AFE009150E3 /* Project object */ = {
			isa = PBXProject;
			attributes = {
				LastSwiftUpdateCheck = 1020;
				LastUpgradeCheck = 1020;
				ORGANIZATIONNAME = "Samuel Lavasani";
				TargetAttributes = {
					7E4330A7229E7AFE009150E3 = {
						CreatedOnToolsVersion = 10.2.1;
					};
				};
			};
			buildConfigurationList = 7E4330A3229E7AFE009150E3 /* Build configuration list for PBXProject "Property-List" */;
			compatibilityVersion = "Xcode 9.3";
			developmentRegion = en;
			hasScannedForEncodings = 0;
			knownRegions = (
				en,
				Base,
			);
			mainGroup = 7E43309F229E7AFE009150E3;
			productRefGroup = 7E4330A9229E7AFE009150E3 /* Products */;
			projectDirPath = "";
			projectRoot = "";
			targets = (
				7E4330A7229E7AFE009150E3 /* Property-List */,
			);
		};
/* End PBXProject section */

/* Begin PBXResourcesBuildPhase section */
		7E4330A6229E7AFE009150E3 /* Resources */ = {
			isa = PBXResourcesBuildPhase;
			buildActionMask = 2147483647;
			files = (
				7E4330B6229E7AFF009150E3 /* LaunchScreen.storyboard in Resources */,
				7E4330B3229E7AFF009150E3 /* Assets.xcassets in Resources */,
				7E4330C0229E834D009150E3 /* PropertyCell.xib in Resources */,
				7E4330B1229E7AFE009150E3 /* Main.storyboard in Resources */,
			);
			runOnlyForDeploymentPostprocessing = 0;
		};
/* End PBXResourcesBuildPhase section */

/* Begin PBXSourcesBuildPhase section */
		7E4330A4229E7AFE009150E3 /* Sources */ = {
			isa = PBXSourcesBuildPhase;
			buildActionMask = 2147483647;
			files = (
				7E4330FA229F025D009150E3 /* Property.swift in Sources */,
				7E4330AE229E7AFE009150E3 /* PropertyVC.swift in Sources */,
				7E4330AC229E7AFE009150E3 /* AppDelegate.swift in Sources */,
				7E4330F7229EFC63009150E3 /* PropertyHelper.swift in Sources */,
				7E4330BF229E834D009150E3 /* PropertyCell.swift in Sources */,
				7E4330C8229ECE0A009150E3 /* FavouritesTableVC.swift in Sources */,
			);
			runOnlyForDeploymentPostprocessing = 0;
		};
/* End PBXSourcesBuildPhase section */

/* Begin PBXVariantGroup section */
		7E4330AF229E7AFE009150E3 /* Main.storyboard */ = {
			isa = PBXVariantGroup;
			children = (
				7E4330B0229E7AFE009150E3 /* Base */,
			);
			name = Main.storyboard;
			sourceTree = "<group>";
		};
		7E4330B4229E7AFF009150E3 /* LaunchScreen.storyboard */ = {
			isa = PBXVariantGroup;
			children = (
				7E4330B5229E7AFF009150E3 /* Base */,
			);
			name = LaunchScreen.storyboard;
			sourceTree = "<group>";
		};
/* End PBXVariantGroup section */

/* Begin XCBuildConfiguration section */
		7E4330B8229E7AFF009150E3 /* Debug */ = {
			isa = XCBuildConfiguration;
			buildSettings = {
				ALWAYS_SEARCH_USER_PATHS = NO;
				CLANG_ANALYZER_NONNULL = YES;
				CLANG_ANALYZER_NUMBER_OBJECT_CONVERSION = YES_AGGRESSIVE;
				CLANG_CXX_LANGUAGE_STANDARD = "gnu++14";
				CLANG_CXX_LIBRARY = "libc++";
				CLANG_ENABLE_MODULES = YES;
				CLANG_ENABLE_OBJC_ARC = YES;
				CLANG_ENABLE_OBJC_WEAK = YES;
				CLANG_WARN_BLOCK_CAPTURE_AUTORELEASING = YES;
				CLANG_WARN_BOOL_CONVERSION = YES;
				CLANG_WARN_COMMA = YES;
				CLANG_WARN_CONSTANT_CONVERSION = YES;
				CLANG_WARN_DEPRECATED_OBJC_IMPLEMENTATIONS = YES;
				CLANG_WARN_DIRECT_OBJC_ISA_USAGE = YES_ERROR;
				CLANG_WARN_DOCUMENTATION_COMMENTS = YES;
				CLANG_WARN_EMPTY_BODY = YES;
				CLANG_WARN_ENUM_CONVERSION = YES;
				CLANG_WARN_INFINITE_RECURSION = YES;
				CLANG_WARN_INT_CONVERSION = YES;
				CLANG_WARN_NON_LITERAL_NULL_CONVERSION = YES;
				CLANG_WARN_OBJC_IMPLICIT_RETAIN_SELF = YES;
				CLANG_WARN_OBJC_LITERAL_CONVERSION = YES;
				CLANG_WARN_OBJC_ROOT_CLASS = YES_ERROR;
				CLANG_WARN_RANGE_LOOP_ANALYSIS = YES;
				CLANG_WARN_STRICT_PROTOTYPES = YES;
				CLANG_WARN_SUSPICIOUS_MOVE = YES;
				CLANG_WARN_UNGUARDED_AVAILABILITY = YES_AGGRESSIVE;
				CLANG_WARN_UNREACHABLE_CODE = YES;
				CLANG_WARN__DUPLICATE_METHOD_MATCH = YES;
				CODE_SIGN_IDENTITY = "iPhone Developer";
				COPY_PHASE_STRIP = NO;
				DEBUG_INFORMATION_FORMAT = dwarf;
				ENABLE_STRICT_OBJC_MSGSEND = YES;
				ENABLE_TESTABILITY = YES;
				GCC_C_LANGUAGE_STANDARD = gnu11;
				GCC_DYNAMIC_NO_PIC = NO;
				GCC_NO_COMMON_BLOCKS = YES;
				GCC_OPTIMIZATION_LEVEL = 0;
				GCC_PREPROCESSOR_DEFINITIONS = (
					"DEBUG=1",
					"$(inherited)",
				);
				GCC_WARN_64_TO_32_BIT_CONVERSION = YES;
				GCC_WARN_ABOUT_RETURN_TYPE = YES_ERROR;
				GCC_WARN_UNDECLARED_SELECTOR = YES;
				GCC_WARN_UNINITIALIZED_AUTOS = YES_AGGRESSIVE;
				GCC_WARN_UNUSED_FUNCTION = YES;
				GCC_WARN_UNUSED_VARIABLE = YES;
				IPHONEOS_DEPLOYMENT_TARGET = 12.2;
				MTL_ENABLE_DEBUG_INFO = INCLUDE_SOURCE;
				MTL_FAST_MATH = YES;
				ONLY_ACTIVE_ARCH = YES;
				SDKROOT = iphoneos;
				SWIFT_ACTIVE_COMPILATION_CONDITIONS = DEBUG;
				SWIFT_OPTIMIZATION_LEVEL = "-Onone";
			};
			name = Debug;
		};
		7E4330B9229E7AFF009150E3 /* Release */ = {
			isa = XCBuildConfiguration;
			buildSettings = {
				ALWAYS_SEARCH_USER_PATHS = NO;
				CLANG_ANALYZER_NONNULL = YES;
				CLANG_ANALYZER_NUMBER_OBJECT_CONVERSION = YES_AGGRESSIVE;
				CLANG_CXX_LANGUAGE_STANDARD = "gnu++14";
				CLANG_CXX_LIBRARY = "libc++";
				CLANG_ENABLE_MODULES = YES;
				CLANG_ENABLE_OBJC_ARC = YES;
				CLANG_ENABLE_OBJC_WEAK = YES;
				CLANG_WARN_BLOCK_CAPTURE_AUTORELEASING = YES;
				CLANG_WARN_BOOL_CONVERSION = YES;
				CLANG_WARN_COMMA = YES;
				CLANG_WARN_CONSTANT_CONVERSION = YES;
				CLANG_WARN_DEPRECATED_OBJC_IMPLEMENTATIONS = YES;
				CLANG_WARN_DIRECT_OBJC_ISA_USAGE = YES_ERROR;
				CLANG_WARN_DOCUMENTATION_COMMENTS = YES;
				CLANG_WARN_EMPTY_BODY = YES;
				CLANG_WARN_ENUM_CONVERSION = YES;
				CLANG_WARN_INFINITE_RECURSION = YES;
				CLANG_WARN_INT_CONVERSION = YES;
				CLANG_WARN_NON_LITERAL_NULL_CONVERSION = YES;
				CLANG_WARN_OBJC_IMPLICIT_RETAIN_SELF = YES;
				CLANG_WARN_OBJC_LITERAL_CONVERSION = YES;
				CLANG_WARN_OBJC_ROOT_CLASS = YES_ERROR;
				CLANG_WARN_RANGE_LOOP_ANALYSIS = YES;
				CLANG_WARN_STRICT_PROTOTYPES = YES;
				CLANG_WARN_SUSPICIOUS_MOVE = YES;
				CLANG_WARN_UNGUARDED_AVAILABILITY = YES_AGGRESSIVE;
				CLANG_WARN_UNREACHABLE_CODE = YES;
				CLANG_WARN__DUPLICATE_METHOD_MATCH = YES;
				CODE_SIGN_IDENTITY = "iPhone Developer";
				COPY_PHASE_STRIP = NO;
				DEBUG_INFORMATION_FORMAT = "dwarf-with-dsym";
				ENABLE_NS_ASSERTIONS = NO;
				ENABLE_STRICT_OBJC_MSGSEND = YES;
				GCC_C_LANGUAGE_STANDARD = gnu11;
				GCC_NO_COMMON_BLOCKS = YES;
				GCC_WARN_64_TO_32_BIT_CONVERSION = YES;
				GCC_WARN_ABOUT_RETURN_TYPE = YES_ERROR;
				GCC_WARN_UNDECLARED_SELECTOR = YES;
				GCC_WARN_UNINITIALIZED_AUTOS = YES_AGGRESSIVE;
				GCC_WARN_UNUSED_FUNCTION = YES;
				GCC_WARN_UNUSED_VARIABLE = YES;
				IPHONEOS_DEPLOYMENT_TARGET = 12.2;
				MTL_ENABLE_DEBUG_INFO = NO;
				MTL_FAST_MATH = YES;
				SDKROOT = iphoneos;
				SWIFT_COMPILATION_MODE = wholemodule;
				SWIFT_OPTIMIZATION_LEVEL = "-O";
				VALIDATE_PRODUCT = YES;
			};
			name = Release;
		};
		7E4330BB229E7AFF009150E3 /* Debug */ = {
			isa = XCBuildConfiguration;
			buildSettings = {
				ASSETCATALOG_COMPILER_APPICON_NAME = AppIcon;
				CODE_SIGN_STYLE = Automatic;
				DEVELOPMENT_TEAM = JHNA7HLFF2;
				INFOPLIST_FILE = "Property-List/Info.plist";
				LD_RUNPATH_SEARCH_PATHS = (
					"$(inherited)",
					"@executable_path/Frameworks",
				);
				PRODUCT_BUNDLE_IDENTIFIER = "se.samuellavasani.Property-List";
				PRODUCT_NAME = "$(TARGET_NAME)";
				SWIFT_VERSION = 5.0;
				TARGETED_DEVICE_FAMILY = "1,2";
			};
			name = Debug;
		};
		7E4330BC229E7AFF009150E3 /* Release */ = {
			isa = XCBuildConfiguration;
			buildSettings = {
				ASSETCATALOG_COMPILER_APPICON_NAME = AppIcon;
				CODE_SIGN_STYLE = Automatic;
				DEVELOPMENT_TEAM = JHNA7HLFF2;
				INFOPLIST_FILE = "Property-List/Info.plist";
				LD_RUNPATH_SEARCH_PATHS = (
					"$(inherited)",
					"@executable_path/Frameworks",
				);
				PRODUCT_BUNDLE_IDENTIFIER = "se.samuellavasani.Property-List";
				PRODUCT_NAME = "$(TARGET_NAME)";
				SWIFT_VERSION = 5.0;
				TARGETED_DEVICE_FAMILY = "1,2";
			};
			name = Release;
		};
/* End XCBuildConfiguration section */

/* Begin XCConfigurationList section */
		7E4330A3229E7AFE009150E3 /* Build configuration list for PBXProject "Property-List" */ = {
			isa = XCConfigurationList;
			buildConfigurations = (
				7E4330B8229E7AFF009150E3 /* Debug */,
				7E4330B9229E7AFF009150E3 /* Release */,
			);
			defaultConfigurationIsVisible = 0;
			defaultConfigurationName = Release;
		};
		7E4330BA229E7AFF009150E3 /* Build configuration list for PBXNativeTarget "Property-List" */ = {
			isa = XCConfigurationList;
			buildConfigurations = (
				7E4330BB229E7AFF009150E3 /* Debug */,
				7E4330BC229E7AFF009150E3 /* Release */,
			);
			defaultConfigurationIsVisible = 0;
			defaultConfigurationName = Release;
		};
/* End XCConfigurationList section */
	};
	rootObject = 7E4330A0229E7AFE009150E3 /* Project object */;
}
